{
  "name": "node_web_scrape",
  "version": "1.0.0",
  "lockfileVersion": 2,
  "requires": true,
  "packages": {
    "": {
      "name": "node_web_scrape",
      "version": "1.0.0",
      "license": "ISC",
      "dependencies": {
        "jssoup": "0.0.15",
        "ssl-root-cas": "^1.3.1"
      }
    },
    "node_modules/@coolaj86/urequest": {
      "version": "1.3.7",
      "resolved": "https://registry.npmjs.org/@coolaj86/urequest/-/urequest-1.3.7.tgz",
      "integrity": "sha512-PPrVYra9aWvZjSCKl/x1pJ9ZpXda1652oJrPBYy5rQumJJMkmTBN3ux+sK2xAUwVvv2wnewDlaQaHLxLwSHnIA=="
    },
    "node_modules/htmlparser": {
      "version": "1.7.7",
      "resolved": "https://registry.npmjs.org/htmlparser/-/htmlparser-1.7.7.tgz",
      "integrity": "sha512-zpK66ifkT0fauyFh2Mulrq4AqGTucxGtOhZ8OjkbSfcCpkqQEI8qRkY0tSQSJNAQ4HUZkgWaU4fK4EH6SVH9PQ==",
      "engines": {
        "node": ">=0.1.33"
      }
    },
    "node_modules/jssoup": {
      "version": "0.0.15",
      "resolved": "https://registry.npmjs.org/jssoup/-/jssoup-0.0.15.tgz",
      "integrity": "sha512-9/7qzZQ878Jey0JyNTuy1NYE8Y4G5PbpWQ5hS8vlBD2Ar4MKJNMQ0239yjb+WExRNLiYPSgZSVLyFUwQNWa1ag==",
      "dependencies": {
        "htmlparser": "^1.7.7"
      }
    },
    "node_modules/ssl-root-cas": {
      "version": "1.3.1",
      "resolved": "https://registry.npmjs.org/ssl-root-cas/-/ssl-root-cas-1.3.1.tgz",
      "integrity": "sha512-KR8J210Wfvjh+iNE9jcQEgbG0VG2713PHreItx6aNCPnkFO8XChz1cJ4iuCGeBj0+8wukLmgHgJqX+O5kRjPkQ==",
      "dependencies": {
        "@coolaj86/urequest": "^1.3.6"
      }
    }
  },
  "dependencies": {
    "@coolaj86/urequest": {
      "version": "1.3.7",
      "resolved": "https://registry.npmjs.org/@coolaj86/urequest/-/urequest-1.3.7.tgz",
      "integrity": "sha512-PPrVYra9aWvZjSCKl/x1pJ9ZpXda1652oJrPBYy5rQumJJMkmTBN3ux+sK2xAUwVvv2wnewDlaQaHLxLwSHnIA=="
    },
    "htmlparser": {
      "version": "1.7.7",
      "resolved": "https://registry.npmjs.org/htmlparser/-/htmlparser-1.7.7.tgz",
      "integrity": "sha512-zpK66ifkT0fauyFh2Mulrq4AqGTucxGtOhZ8OjkbSfcCpkqQEI8qRkY0tSQSJNAQ4HUZkgWaU4fK4EH6SVH9PQ=="
    },
    "jssoup": {
      "version": "0.0.15",
      "resolved": "https://registry.npmjs.org/jssoup/-/jssoup-0.0.15.tgz",
      "integrity": "sha512-9/7qzZQ878Jey0JyNTuy1NYE8Y4G5PbpWQ5hS8vlBD2Ar4MKJNMQ0239yjb+WExRNLiYPSgZSVLyFUwQNWa1ag==",
      "requires": {
        "htmlparser": "^1.7.7"
      }
    },
    "ssl-root-cas": {
      "version": "1.3.1",
      "resolved": "https://registry.npmjs.org/ssl-root-cas/-/ssl-root-cas-1.3.1.tgz",
      "integrity": "sha512-KR8J210Wfvjh+iNE9jcQEgbG0VG2713PHreItx6aNCPnkFO8XChz1cJ4iuCGeBj0+8wukLmgHgJqX+O5kRjPkQ==",
      "requires": {
        "@coolaj86/urequest": "^1.3.6"
      }
    }
  }
}
